{
  "version": 4,
  "terraform_version": "1.8.5",
  "serial": 31,
  "lineage": "57c3dc1c-9c20-7adb-9a8f-ea1dcb21db00",
  "outputs": {},
  "resources": [
    {
      "mode": "managed",
      "type": "azurerm_private_endpoint",
      "name": "vellabpep",
      "provider": "provider[\"registry.terraform.io/hashicorp/azurerm\"]",
      "instances": [
        {
          "schema_version": 0,
          "attributes": {
            "custom_dns_configs": [
              {
                "fqdn": "azterseptvel2301.blob.core.windows.net",
                "ip_addresses": [
                  "10.0.0.4"
                ]
              }
            ],
            "custom_network_interface_name": "",
            "id": "/subscriptions/d0d8f67e-03af-4af0-af31-c4982f260681/resourceGroups/vellab2/providers/Microsoft.Network/privateEndpoints/vellabpep1",
            "ip_configuration": [],
            "location": "eastus2",
            "name": "vellabpep1",
            "network_interface": [
              {
                "id": "/subscriptions/d0d8f67e-03af-4af0-af31-c4982f260681/resourceGroups/vellab2/providers/Microsoft.Network/networkInterfaces/vellabpep1.nic.1e53d6c8-63aa-4c8a-b9b1-e846ca6f4f02",
                "name": "vellabpep1.nic.1e53d6c8-63aa-4c8a-b9b1-e846ca6f4f02"
              }
            ],
            "private_dns_zone_configs": [],
            "private_dns_zone_group": [],
            "private_service_connection": [
              {
                "is_manual_connection": false,
                "name": "vellabpeppvtcon",
                "private_connection_resource_alias": "",
                "private_connection_resource_id": "/subscriptions/d0d8f67e-03af-4af0-af31-c4982f260681/resourceGroups/vellab2/providers/Microsoft.Storage/storageAccounts/azterseptvel2301",
                "private_ip_address": "10.0.0.4",
                "request_message": "",
                "subresource_names": [
                  "blob"
                ]
              }
            ],
            "resource_group_name": "vellab2",
            "subnet_id": "/subscriptions/d0d8f67e-03af-4af0-af31-c4982f260681/resourceGroups/vellab2/providers/Microsoft.Network/virtualNetworks/vellab-vnet1/subnets/vellab-vnet1-snet1",
            "tags": null,
            "timeouts": null
          },
          "sensitive_attributes": [],
          "private": "eyJlMmJmYjczMC1lY2FhLTExZTYtOGY4OC0zNDM2M2JjN2M0YzAiOnsiY3JlYXRlIjozNjAwMDAwMDAwMDAwLCJkZWxldGUiOjM2MDAwMDAwMDAwMDAsInJlYWQiOjMwMDAwMDAwMDAwMCwidXBkYXRlIjozNjAwMDAwMDAwMDAwfX0=",
          "dependencies": [
            "azurerm_resource_group.labnetworkrg",
            "azurerm_storage_account.velst",
            "azurerm_subnet.labvnet1snets",
            "azurerm_virtual_network.labvnet1"
          ]
        }
      ]
    },
    {
      "mode": "managed",
      "type": "azurerm_resource_group",
      "name": "labnetworkrg",
      "provider": "provider[\"registry.terraform.io/hashicorp/azurerm\"]",
      "instances": [
        {
          "schema_version": 0,
          "attributes": {
            "id": "/subscriptions/d0d8f67e-03af-4af0-af31-c4982f260681/resourceGroups/vellab2",
            "location": "eastus2",
            "managed_by": "",
            "name": "vellab2",
            "tags": {},
            "timeouts": null
          },
          "sensitive_attributes": [],
          "private": "eyJlMmJmYjczMC1lY2FhLTExZTYtOGY4OC0zNDM2M2JjN2M0YzAiOnsiY3JlYXRlIjo1NDAwMDAwMDAwMDAwLCJkZWxldGUiOjU0MDAwMDAwMDAwMDAsInJlYWQiOjMwMDAwMDAwMDAwMCwidXBkYXRlIjo1NDAwMDAwMDAwMDAwfX0="
        }
      ]
    },
    {
      "mode": "managed",
      "type": "azurerm_storage_account",
      "name": "velst",
      "provider": "provider[\"registry.terraform.io/hashicorp/azurerm\"]",
      "instances": [
        {
          "schema_version": 4,
          "attributes": {
            "access_tier": "Hot",
            "account_kind": "StorageV2",
            "account_replication_type": "LRS",
            "account_tier": "Standard",
            "allow_nested_items_to_be_public": true,
            "allowed_copy_scope": "",
            "azure_files_authentication": [],
            "blob_properties": [
              {
                "change_feed_enabled": false,
                "change_feed_retention_in_days": 0,
                "container_delete_retention_policy": [],
                "cors_rule": [],
                "default_service_version": "",
                "delete_retention_policy": [],
                "last_access_time_enabled": false,
                "restore_policy": [],
                "versioning_enabled": false
              }
            ],
            "cross_tenant_replication_enabled": false,
            "custom_domain": [],
            "customer_managed_key": [],
            "default_to_oauth_authentication": false,
            "dns_endpoint_type": "Standard",
            "edge_zone": "",
            "https_traffic_only_enabled": true,
            "id": "/subscriptions/d0d8f67e-03af-4af0-af31-c4982f260681/resourceGroups/vellab2/providers/Microsoft.Storage/storageAccounts/azterseptvel2301",
            "identity": [],
            "immutability_policy": [],
            "infrastructure_encryption_enabled": false,
            "is_hns_enabled": false,
            "large_file_share_enabled": false,
            "local_user_enabled": true,
            "location": "eastus2",
            "min_tls_version": "TLS1_2",
            "name": "azterseptvel2301",
            "network_rules": [],
            "nfsv3_enabled": false,
            "primary_access_key": "9fDS7zQx+yJ7i8SAIGIBDRnvJ3ReExuuqM41UOen1p21uBPBRlRLYhFZghGWEUVtiujrk1b1A96J+AStT/HPxg==",
            "primary_blob_connection_string": "DefaultEndpointsProtocol=https;BlobEndpoint=https://azterseptvel2301.blob.core.windows.net/;AccountName=azterseptvel2301;AccountKey=9fDS7zQx+yJ7i8SAIGIBDRnvJ3ReExuuqM41UOen1p21uBPBRlRLYhFZghGWEUVtiujrk1b1A96J+AStT/HPxg==",
            "primary_blob_endpoint": "https://azterseptvel2301.blob.core.windows.net/",
            "primary_blob_host": "azterseptvel2301.blob.core.windows.net",
            "primary_blob_internet_endpoint": "",
            "primary_blob_internet_host": "",
            "primary_blob_microsoft_endpoint": "",
            "primary_blob_microsoft_host": "",
            "primary_connection_string": "DefaultEndpointsProtocol=https;AccountName=azterseptvel2301;AccountKey=9fDS7zQx+yJ7i8SAIGIBDRnvJ3ReExuuqM41UOen1p21uBPBRlRLYhFZghGWEUVtiujrk1b1A96J+AStT/HPxg==;EndpointSuffix=core.windows.net",
            "primary_dfs_endpoint": "https://azterseptvel2301.dfs.core.windows.net/",
            "primary_dfs_host": "azterseptvel2301.dfs.core.windows.net",
            "primary_dfs_internet_endpoint": "",
            "primary_dfs_internet_host": "",
            "primary_dfs_microsoft_endpoint": "",
            "primary_dfs_microsoft_host": "",
            "primary_file_endpoint": "https://azterseptvel2301.file.core.windows.net/",
            "primary_file_host": "azterseptvel2301.file.core.windows.net",
            "primary_file_internet_endpoint": "",
            "primary_file_internet_host": "",
            "primary_file_microsoft_endpoint": "",
            "primary_file_microsoft_host": "",
            "primary_location": "eastus2",
            "primary_queue_endpoint": "https://azterseptvel2301.queue.core.windows.net/",
            "primary_queue_host": "azterseptvel2301.queue.core.windows.net",
            "primary_queue_microsoft_endpoint": "",
            "primary_queue_microsoft_host": "",
            "primary_table_endpoint": "https://azterseptvel2301.table.core.windows.net/",
            "primary_table_host": "azterseptvel2301.table.core.windows.net",
            "primary_table_microsoft_endpoint": "",
            "primary_table_microsoft_host": "",
            "primary_web_endpoint": "https://azterseptvel2301.z20.web.core.windows.net/",
            "primary_web_host": "azterseptvel2301.z20.web.core.windows.net",
            "primary_web_internet_endpoint": "",
            "primary_web_internet_host": "",
            "primary_web_microsoft_endpoint": "",
            "primary_web_microsoft_host": "",
            "public_network_access_enabled": false,
            "queue_encryption_key_type": "Service",
            "queue_properties": [
              {
                "cors_rule": [],
                "hour_metrics": [
                  {
                    "enabled": true,
                    "include_apis": true,
                    "retention_policy_days": 7,
                    "version": "1.0"
                  }
                ],
                "logging": [
                  {
                    "delete": false,
                    "read": false,
                    "retention_policy_days": 0,
                    "version": "1.0",
                    "write": false
                  }
                ],
                "minute_metrics": [
                  {
                    "enabled": false,
                    "include_apis": false,
                    "retention_policy_days": 0,
                    "version": "1.0"
                  }
                ]
              }
            ],
            "resource_group_name": "vellab2",
            "routing": [],
            "sas_policy": [],
            "secondary_access_key": "jmXVZ/LXkdzaHTfw8XADeLDPtBbmeV7J1TMePDQAhG6tYsk4aKRWD4+p1SX/k8GTJM7GZb6/r231+AStEbxFyQ==",
            "secondary_blob_connection_string": "",
            "secondary_blob_endpoint": "",
            "secondary_blob_host": "",
            "secondary_blob_internet_endpoint": "",
            "secondary_blob_internet_host": "",
            "secondary_blob_microsoft_endpoint": "",
            "secondary_blob_microsoft_host": "",
            "secondary_connection_string": "DefaultEndpointsProtocol=https;AccountName=azterseptvel2301;AccountKey=jmXVZ/LXkdzaHTfw8XADeLDPtBbmeV7J1TMePDQAhG6tYsk4aKRWD4+p1SX/k8GTJM7GZb6/r231+AStEbxFyQ==;EndpointSuffix=core.windows.net",
            "secondary_dfs_endpoint": "",
            "secondary_dfs_host": "",
            "secondary_dfs_internet_endpoint": "",
            "secondary_dfs_internet_host": "",
            "secondary_dfs_microsoft_endpoint": "",
            "secondary_dfs_microsoft_host": "",
            "secondary_file_endpoint": "",
            "secondary_file_host": "",
            "secondary_file_internet_endpoint": "",
            "secondary_file_internet_host": "",
            "secondary_file_microsoft_endpoint": "",
            "secondary_file_microsoft_host": "",
            "secondary_location": "",
            "secondary_queue_endpoint": "",
            "secondary_queue_host": "",
            "secondary_queue_microsoft_endpoint": "",
            "secondary_queue_microsoft_host": "",
            "secondary_table_endpoint": "",
            "secondary_table_host": "",
            "secondary_table_microsoft_endpoint": "",
            "secondary_table_microsoft_host": "",
            "secondary_web_endpoint": "",
            "secondary_web_host": "",
            "secondary_web_internet_endpoint": "",
            "secondary_web_internet_host": "",
            "secondary_web_microsoft_endpoint": "",
            "secondary_web_microsoft_host": "",
            "sftp_enabled": false,
            "share_properties": [
              {
                "cors_rule": [],
                "retention_policy": [
                  {
                    "days": 7
                  }
                ],
                "smb": []
              }
            ],
            "shared_access_key_enabled": true,
            "static_website": [],
            "table_encryption_key_type": "Service",
            "tags": {},
            "timeouts": null
          },
          "sensitive_attributes": [
            [
              {
                "type": "get_attr",
                "value": "secondary_access_key"
              }
            ],
            [
              {
                "type": "get_attr",
                "value": "primary_blob_connection_string"
              }
            ],
            [
              {
                "type": "get_attr",
                "value": "secondary_connection_string"
              }
            ],
            [
              {
                "type": "get_attr",
                "value": "primary_access_key"
              }
            ],
            [
              {
                "type": "get_attr",
                "value": "primary_connection_string"
              }
            ],
            [
              {
                "type": "get_attr",
                "value": "secondary_blob_connection_string"
              }
            ]
          ],
          "private": "eyJlMmJmYjczMC1lY2FhLTExZTYtOGY4OC0zNDM2M2JjN2M0YzAiOnsiY3JlYXRlIjozNjAwMDAwMDAwMDAwLCJkZWxldGUiOjM2MDAwMDAwMDAwMDAsInJlYWQiOjMwMDAwMDAwMDAwMCwidXBkYXRlIjozNjAwMDAwMDAwMDAwfSwic2NoZW1hX3ZlcnNpb24iOiI0In0=",
          "dependencies": [
            "azurerm_resource_group.labnetworkrg"
          ]
        }
      ]
    },
    {
      "mode": "managed",
      "type": "azurerm_subnet",
      "name": "labvnet1snets",
      "provider": "provider[\"registry.terraform.io/hashicorp/azurerm\"]",
      "instances": [
        {
          "schema_version": 0,
          "attributes": {
            "address_prefixes": [
              "10.0.0.0/29"
            ],
            "default_outbound_access_enabled": true,
            "delegation": [],
            "id": "/subscriptions/d0d8f67e-03af-4af0-af31-c4982f260681/resourceGroups/vellab2/providers/Microsoft.Network/virtualNetworks/vellab-vnet1/subnets/vellab-vnet1-snet1",
            "name": "vellab-vnet1-snet1",
            "private_endpoint_network_policies": "Disabled",
            "private_link_service_network_policies_enabled": true,
            "resource_group_name": "vellab2",
            "service_endpoint_policy_ids": [],
            "service_endpoints": [],
            "timeouts": null,
            "virtual_network_name": "vellab-vnet1"
          },
          "sensitive_attributes": [],
          "private": "eyJlMmJmYjczMC1lY2FhLTExZTYtOGY4OC0zNDM2M2JjN2M0YzAiOnsiY3JlYXRlIjoxODAwMDAwMDAwMDAwLCJkZWxldGUiOjE4MDAwMDAwMDAwMDAsInJlYWQiOjMwMDAwMDAwMDAwMCwidXBkYXRlIjoxODAwMDAwMDAwMDAwfX0=",
          "dependencies": [
            "azurerm_resource_group.labnetworkrg",
            "azurerm_virtual_network.labvnet1"
          ]
        }
      ]
    },
    {
      "mode": "managed",
      "type": "azurerm_virtual_network",
      "name": "labvnet1",
      "provider": "provider[\"registry.terraform.io/hashicorp/azurerm\"]",
      "instances": [
        {
          "schema_version": 0,
          "attributes": {
            "address_space": [
              "10.0.0.0/28"
            ],
            "bgp_community": "",
            "ddos_protection_plan": [],
            "dns_servers": [],
            "edge_zone": "",
            "encryption": [],
            "flow_timeout_in_minutes": 0,
            "guid": "f5134c38-1ae5-439d-bb45-343f7ae629ff",
            "id": "/subscriptions/d0d8f67e-03af-4af0-af31-c4982f260681/resourceGroups/vellab2/providers/Microsoft.Network/virtualNetworks/vellab-vnet1",
            "location": "eastus2",
            "name": "vellab-vnet1",
            "resource_group_name": "vellab2",
            "subnet": [
              {
                "address_prefixes": [
                  "10.0.0.0/29"
                ],
                "default_outbound_access_enabled": true,
                "delegation": [],
                "id": "/subscriptions/d0d8f67e-03af-4af0-af31-c4982f260681/resourceGroups/vellab2/providers/Microsoft.Network/virtualNetworks/vellab-vnet1/subnets/vellab-vnet1-snet1",
                "name": "vellab-vnet1-snet1",
                "private_endpoint_network_policies": "Disabled",
                "private_link_service_network_policies_enabled": true,
                "route_table_id": "",
                "security_group": "",
                "service_endpoint_policy_ids": [],
                "service_endpoints": []
              }
            ],
            "tags": {},
            "timeouts": null
          },
          "sensitive_attributes": [],
          "private": "eyJlMmJmYjczMC1lY2FhLTExZTYtOGY4OC0zNDM2M2JjN2M0YzAiOnsiY3JlYXRlIjoxODAwMDAwMDAwMDAwLCJkZWxldGUiOjE4MDAwMDAwMDAwMDAsInJlYWQiOjMwMDAwMDAwMDAwMCwidXBkYXRlIjoxODAwMDAwMDAwMDAwfX0=",
          "dependencies": [
            "azurerm_resource_group.labnetworkrg"
          ]
        }
      ]
    }
  ],
  "check_results": null
}
